
Microsoft Visual Studio Solution File, Format Version 12.00
# Visual Studio Version 16
VisualStudioVersion = 16.0.29001.49
MinimumVisualStudioVersion = 10.0.40219.1
Project("{9A19103F-16F7-4668-BE54-9A1E7A4F7556}") = "LibraryApp", "LibraryApp\LibraryApp.csproj", "{0F1413CE-D368-4D1B-921A-D5A23693C50B}"
EndProject
Project("{9A19103F-16F7-4668-BE54-9A1E7A4F7556}") = "LibraryUI", "LibraryUI\LibraryUI.csproj", "{75398D77-34E6-4380-BA52-48CC8DF561FB}"
EndProject
Project("{FAE04EC0-301F-11D3-BF4B-00C04F79EFBC}") = "LibraryApp.Test", "LibraryApp.Test\LibraryApp.Test.csproj", "{A2C3705F-B541-4423-8643-529A5966DB02}"
EndProject
Global
	GlobalSection(SolutionConfigurationPlatforms) = preSolution
		Debug|Any CPU = Debug|Any CPU
		Release|Any CPU = Release|Any CPU
	EndGlobalSection
	GlobalSection(ProjectConfigurationPlatforms) = postSolution
		{0F1413CE-D368-4D1B-921A-D5A23693C50B}.Debug|Any CPU.ActiveCfg = Debug|Any CPU
		{0F1413CE-D368-4D1B-921A-D5A23693C50B}.Debug|Any CPU.Build.0 = Debug|Any CPU
		{0F1413CE-D368-4D1B-921A-D5A23693C50B}.Release|Any CPU.ActiveCfg = Release|Any CPU
		{0F1413CE-D368-4D1B-921A-D5A23693C50B}.Release|Any CPU.Build.0 = Release|Any CPU
		{75398D77-34E6-4380-BA52-48CC8DF561FB}.Debug|Any CPU.ActiveCfg = Debug|Any CPU
		{75398D77-34E6-4380-BA52-48CC8DF561FB}.Debug|Any CPU.Build.0 = Debug|Any CPU
		{75398D77-34E6-4380-BA52-48CC8DF561FB}.Release|Any CPU.ActiveCfg = Release|Any CPU
		{75398D77-34E6-4380-BA52-48CC8DF561FB}.Release|Any CPU.Build.0 = Release|Any CPU
		{A2C3705F-B541-4423-8643-529A5966DB02}.Debug|Any CPU.ActiveCfg = Debug|Any CPU
		{A2C3705F-B541-4423-8643-529A5966DB02}.Debug|Any CPU.Build.0 = Debug|Any CPU
		{A2C3705F-B541-4423-8643-529A5966DB02}.Release|Any CPU.ActiveCfg = Release|Any CPU
		{A2C3705F-B541-4423-8643-529A5966DB02}.Release|Any CPU.Build.0 = Release|Any CPU
	EndGlobalSection
	GlobalSection(SolutionProperties) = preSolution
		HideSolutionNode = FALSE
	EndGlobalSection
	GlobalSection(ExtensibilityGlobals) = postSolution
		SolutionGuid = {4F800BDB-D39D-41C0-BC6B-47FE460FB882}
	EndGlobalSection
EndGlobal
